
Microsoft Visual Studio Solution File, Format Version 12.00
# Visual Studio 15
VisualStudioVersion = 15.0.28307.421
MinimumVisualStudioVersion = 10.0.40219.1
Project("{8BC9CEB8-8B4A-11D0-8D11-00A0C91BC942}") = "速算达人", "速算达人\速算达人.vcxproj", "{77838929-1BBD-4272-B4AB-980A930455F8}"
EndProject
Global
	GlobalSection(SolutionConfigurationPlatforms) = preSolution
		Debug|x64 = Debug|x64
		Debug|x86 = Debug|x86
		Release|x64 = Release|x64
		Release|x86 = Release|x86
	EndGlobalSection
	GlobalSection(ProjectConfigurationPlatforms) = postSolution
		{77838929-1BBD-4272-B4AB-980A930455F8}.Debug|x64.ActiveCfg = Debug|x64
		{77838929-1BBD-4272-B4AB-980A930455F8}.Debug|x64.Build.0 = Debug|x64
		{77838929-1BBD-4272-B4AB-980A930455F8}.Debug|x86.ActiveCfg = Debug|Win32
		{77838929-1BBD-4272-B4AB-980A930455F8}.Debug|x86.Build.0 = Debug|Win32
		{77838929-1BBD-4272-B4AB-980A930455F8}.Release|x64.ActiveCfg = Release|x64
		{77838929-1BBD-4272-B4AB-980A930455F8}.Release|x64.Build.0 = Release|x64
		{77838929-1BBD-4272-B4AB-980A930455F8}.Release|x86.ActiveCfg = Release|Win32
		{77838929-1BBD-4272-B4AB-980A930455F8}.Release|x86.Build.0 = Release|Win32
	EndGlobalSection
	GlobalSection(SolutionProperties) = preSolution
		HideSolutionNode = FALSE
	EndGlobalSection
	GlobalSection(ExtensibilityGlobals) = postSolution
		SolutionGuid = {86AD7364-4FCF-46CA-91B9-8687E6FF62A0}
	EndGlobalSection
EndGlobal
